
Microsoft Visual Studio Solution File, Format Version 12.00
# Visual Studio Version 17
VisualStudioVersion = 17.11.35431.28
MinimumVisualStudioVersion = 10.0.40219.1
Project("{FAE04EC0-301F-11D3-BF4B-00C04F79EFBC}") = "nanyappp", "nanyappp\nanyappp.csproj", "{0000163A-A44E-49BC-A5EF-3A7EA2389AB6}"
EndProject
Global
	GlobalSection(SolutionConfigurationPlatforms) = preSolution
		Debug|Any CPU = Debug|Any CPU
		Release|Any CPU = Release|Any CPU
	EndGlobalSection
	GlobalSection(ProjectConfigurationPlatforms) = postSolution
		{0000163A-A44E-49BC-A5EF-3A7EA2389AB6}.Debug|Any CPU.ActiveCfg = Debug|Any CPU
		{0000163A-A44E-49BC-A5EF-3A7EA2389AB6}.Debug|Any CPU.Build.0 = Debug|Any CPU
		{0000163A-A44E-49BC-A5EF-3A7EA2389AB6}.Debug|Any CPU.Deploy.0 = Debug|Any CPU
		{0000163A-A44E-49BC-A5EF-3A7EA2389AB6}.Release|Any CPU.ActiveCfg = Release|Any CPU
		{0000163A-A44E-49BC-A5EF-3A7EA2389AB6}.Release|Any CPU.Build.0 = Release|Any CPU
		{0000163A-A44E-49BC-A5EF-3A7EA2389AB6}.Release|Any CPU.Deploy.0 = Release|Any CPU
	EndGlobalSection
	GlobalSection(SolutionProperties) = preSolution
		HideSolutionNode = FALSE
	EndGlobalSection
	GlobalSection(ExtensibilityGlobals) = postSolution
		SolutionGuid = {672FC9BD-08B7-4A09-A238-DC7BA8F428D7}
	EndGlobalSection
EndGlobal
